{
	"name": "@webpack-cli/info",
	"version": "0.1.3",
	"lockfileVersion": 1,
	"requires": true,
	"dependencies": {
		"@types/node": {
			"version": "10.12.18",
			"resolved": "https://registry.npmjs.org/@types/node/-/node-10.12.18.tgz",
			"integrity": "sha512-fh+pAqt4xRzPfqA6eh3Z2y6fyZavRIumvjhaCL753+TVkGKGhpPeyrJG2JftD0T9q4GF00KjefsQ+PQNDdWQaQ==",
			"dev": true
		},
		"envinfo": {
			"version": "5.12.1",
			"resolved": "https://registry.npmjs.org/envinfo/-/envinfo-5.12.1.tgz",
			"integrity": "sha512-pwdo0/G3CIkQ0y6PCXq4RdkvId2elvtPCJMG0konqlrfkWQbf1DWeH9K2b/cvu2YgGvPPTOnonZxXM1gikFu1w=="
		},
		"typescript": {
			"version": "3.2.2",
			"resolved": "https://registry.npmjs.org/typescript/-/typescript-3.2.2.tgz",
			"integrity": "sha512-VCj5UiSyHBjwfYacmDuc/NOk4QQixbE+Wn7MFJuS0nRuPQbof132Pw4u53dm264O8LPc2MVsc7RJNml5szurkg==",
			"dev": true
		}
	}
}
