{
	"name": "@webpack-cli/info",
	"version": "0.1.6",
	"lockfileVersion": 1,
	"requires": true,
	"dependencies": {
		"@types/node": {
			"version": "12.0.8",
			"resolved": "https://registry.npmjs.org/@types/node/-/node-12.0.8.tgz",
			"integrity": "sha512-b8bbUOTwzIY3V5vDTY1fIJ+ePKDUBqt2hC2woVGotdQQhG/2Sh62HOKHrT7ab+VerXAcPyAiTEipPu/FsreUtg==",
			"dev": true
		},
		"envinfo": {
			"version": "7.3.1",
			"resolved": "https://registry.npmjs.org/envinfo/-/envinfo-7.3.1.tgz",
			"integrity": "sha512-GvXiDTqLYrORVSCuJCsWHPXF5BFvoWMQA9xX4YVjPT1jyS3aZEHUBwjzxU/6LTPF9ReHgVEbX7IEN5UvSXHw/A=="
		},
		"typescript": {
			"version": "3.5.2",
			"resolved": "https://registry.npmjs.org/typescript/-/typescript-3.5.2.tgz",
			"integrity": "sha512-7KxJovlYhTX5RaRbUdkAXN1KUZ8PwWlTzQdHV6xNqvuFOs7+WBo10TQUqT19Q/Jz2hk5v9TQDIhyLhhJY4p5AA==",
			"dev": true
		}
	}
}
