{
	"name": "@webpack-cli/info",
	"version": "0.1.5",
	"lockfileVersion": 1,
	"requires": true,
	"dependencies": {
		"@types/node": {
			"version": "10.5.1",
			"resolved": "https://registry.npmjs.org/@types/node/-/node-10.5.1.tgz",
			"integrity": "sha512-AFLl1IALIuyt6oK4AYZsgWVJ/5rnyzQWud7IebaZWWV3YmgtPZkQmYio9R5Ze/2pdd7XfqF5bP+hWS11mAKoOQ==",
			"dev": true
		},
		"envinfo": {
			"version": "5.12.1",
			"resolved": "https://registry.npmjs.org/envinfo/-/envinfo-5.12.1.tgz",
			"integrity": "sha512-pwdo0/G3CIkQ0y6PCXq4RdkvId2elvtPCJMG0konqlrfkWQbf1DWeH9K2b/cvu2YgGvPPTOnonZxXM1gikFu1w=="
		},
		"typescript": {
			"version": "3.1.6",
			"resolved": "https://registry.npmjs.org/typescript/-/typescript-3.1.6.tgz",
			"integrity": "sha512-tDMYfVtvpb96msS1lDX9MEdHrW4yOuZ4Kdc4Him9oU796XldPYF/t2+uKoX0BBa0hXXwDlqYQbXY5Rzjzc5hBA==",
			"dev": true
		}
	}
}
