{
	"name": "@webpack-cli/add",
	"version": "0.1.5",
	"lockfileVersion": 1,
	"requires": true,
	"dependencies": {
		"@types/node": {
			"version": "10.12.18",
			"resolved": "https://registry.npmjs.org/@types/node/-/node-10.12.18.tgz",
			"integrity": "sha512-fh+pAqt4xRzPfqA6eh3Z2y6fyZavRIumvjhaCL753+TVkGKGhpPeyrJG2JftD0T9q4GF00KjefsQ+PQNDdWQaQ==",
			"dev": true
		},
		"@typescript-eslint/eslint-plugin": {
			"version": "1.6.0",
			"resolved": "https://registry.npmjs.org/@typescript-eslint/eslint-plugin/-/eslint-plugin-1.6.0.tgz",
			"integrity": "sha512-U224c29E2lo861TQZs6GSmyC0OYeRNg6bE9UVIiFBxN2MlA0nq2dCrgIVyyRbC05UOcrgf2Wk/CF2gGOPQKUSQ==",
			"dev": true,
			"requires": {
				"@typescript-eslint/parser": "1.6.0",
				"@typescript-eslint/typescript-estree": "1.6.0",
				"requireindex": "^1.2.0",
				"tsutils": "^3.7.0"
			}
		},
		"@typescript-eslint/parser": {
			"version": "1.6.0",
			"resolved": "https://registry.npmjs.org/@typescript-eslint/parser/-/parser-1.6.0.tgz",
			"integrity": "sha512-VB9xmSbfafI+/kI4gUK3PfrkGmrJQfh0N4EScT1gZXSZyUxpsBirPL99EWZg9MmPG0pzq/gMtgkk7/rAHj4aQw==",
			"dev": true,
			"requires": {
				"@typescript-eslint/typescript-estree": "1.6.0",
				"eslint-scope": "^4.0.0",
				"eslint-visitor-keys": "^1.0.0"
			}
		},
		"@typescript-eslint/typescript-estree": {
			"version": "1.6.0",
			"resolved": "https://registry.npmjs.org/@typescript-eslint/typescript-estree/-/typescript-estree-1.6.0.tgz",
			"integrity": "sha512-A4CanUwfaG4oXobD5y7EXbsOHjCwn8tj1RDd820etpPAjH+Icjc2K9e/DQM1Hac5zH2BSy+u6bjvvF2wwREvYA==",
			"dev": true,
			"requires": {
				"lodash.unescape": "4.0.1",
				"semver": "5.5.0"
			}
		},
		"eslint-scope": {
			"version": "4.0.3",
			"resolved": "https://registry.npmjs.org/eslint-scope/-/eslint-scope-4.0.3.tgz",
			"integrity": "sha512-p7VutNr1O/QrxysMo3E45FjYDTeXBy0iTltPFNSqKAIfjDSXC+4dj+qfyuD8bfAXrW/y6lW3O76VaYNPKfpKrg==",
			"dev": true,
			"requires": {
				"esrecurse": "^4.1.0",
				"estraverse": "^4.1.1"
			}
		},
		"eslint-visitor-keys": {
			"version": "1.0.0",
			"resolved": "https://registry.npmjs.org/eslint-visitor-keys/-/eslint-visitor-keys-1.0.0.tgz",
			"integrity": "sha512-qzm/XxIbxm/FHyH341ZrbnMUpe+5Bocte9xkmFMzPMjRaZMcXww+MpBptFvtU+79L362nqiLhekCxCxDPaUMBQ==",
			"dev": true
		},
		"esrecurse": {
			"version": "4.2.1",
			"resolved": "https://registry.npmjs.org/esrecurse/-/esrecurse-4.2.1.tgz",
			"integrity": "sha512-64RBB++fIOAXPw3P9cy89qfMlvZEXZkqqJkjqqXIvzP5ezRZjW+lPWjw35UX/3EhUPFYbg5ER4JYgDw4007/DQ==",
			"dev": true,
			"requires": {
				"estraverse": "^4.1.0"
			}
		},
		"estraverse": {
			"version": "4.2.0",
			"resolved": "https://registry.npmjs.org/estraverse/-/estraverse-4.2.0.tgz",
			"integrity": "sha1-De4/7TH81GlhjOc0IJn8GvoL2xM=",
			"dev": true
		},
		"lodash.unescape": {
			"version": "4.0.1",
			"resolved": "https://registry.npmjs.org/lodash.unescape/-/lodash.unescape-4.0.1.tgz",
			"integrity": "sha1-vyJJiGzlFM2hEvrpIYzcBlIR/Jw=",
			"dev": true
		},
		"prettier": {
			"version": "1.17.0",
			"resolved": "https://registry.npmjs.org/prettier/-/prettier-1.17.0.tgz",
			"integrity": "sha512-sXe5lSt2WQlCbydGETgfm1YBShgOX4HxQkFPvbxkcwgDvGDeqVau8h+12+lmSVlP3rHPz0oavfddSZg/q+Szjw==",
			"dev": true
		},
		"requireindex": {
			"version": "1.2.0",
			"resolved": "https://registry.npmjs.org/requireindex/-/requireindex-1.2.0.tgz",
			"integrity": "sha512-L9jEkOi3ASd9PYit2cwRfyppc9NoABujTP8/5gFcbERmo5jUoAKovIC3fsF17pkTnGsrByysqX+Kxd2OTNI1ww==",
			"dev": true
		},
		"semver": {
			"version": "5.5.0",
			"resolved": "https://registry.npmjs.org/semver/-/semver-5.5.0.tgz",
			"integrity": "sha512-4SJ3dm0WAwWy/NVeioZh5AntkdJoWKxHxcmyP622fOkgHa4z3R0TdBJICINyaSDE6uNwVc8gZr+ZinwZAH4xIA==",
			"dev": true
		},
		"tslib": {
			"version": "1.9.3",
			"resolved": "https://registry.npmjs.org/tslib/-/tslib-1.9.3.tgz",
			"integrity": "sha512-4krF8scpejhaOgqzBEcGM7yDIEfi0/8+8zDRZhNZZ2kjmHJ4hv3zCbQWxoJGz1iw5U0Jl0nma13xzHXcncMavQ==",
			"dev": true
		},
		"tsutils": {
			"version": "3.10.0",
			"resolved": "https://registry.npmjs.org/tsutils/-/tsutils-3.10.0.tgz",
			"integrity": "sha512-q20XSMq7jutbGB8luhKKsQldRKWvyBO2BGqni3p4yq8Ys9bEP/xQw3KepKmMRt9gJ4lvQSScrihJrcKdKoSU7Q==",
			"dev": true,
			"requires": {
				"tslib": "^1.8.1"
			}
		},
		"typescript": {
			"version": "3.2.2",
			"resolved": "https://registry.npmjs.org/typescript/-/typescript-3.2.2.tgz",
			"integrity": "sha512-VCj5UiSyHBjwfYacmDuc/NOk4QQixbE+Wn7MFJuS0nRuPQbof132Pw4u53dm264O8LPc2MVsc7RJNml5szurkg==",
			"dev": true
		}
	}
}
